// !$*UTF8*$!
{
	archiveVersion = 1;
	classes = {
	};
	objectVersion = 50;
	objects = {

/* Begin PBXBuildFile section */
		DF58631124B2E71A002EF1DE /* AppDelegate.swift in Sources */ = {isa = PBXBuildFile; fileRef = DF58631024B2E71A002EF1DE /* AppDelegate.swift */; };
		DF58631324B2E71A002EF1DE /* SceneDelegate.swift in Sources */ = {isa = PBXBuildFile; fileRef = DF58631224B2E71A002EF1DE /* SceneDelegate.swift */; };
		DF58631524B2E71A002EF1DE /* ViewController.swift in Sources */ = {isa = PBXBuildFile; fileRef = DF58631424B2E71A002EF1DE /* ViewController.swift */; };
		DF58631824B2E71A002EF1DE /* Main.storyboard in Resources */ = {isa = PBXBuildFile; fileRef = DF58631624B2E71A002EF1DE /* Main.storyboard */; };
		DF58631A24B2E71D002EF1DE /* Assets.xcassets in Resources */ = {isa = PBXBuildFile; fileRef = DF58631924B2E71D002EF1DE /* Assets.xcassets */; };
		DF58631D24B2E71D002EF1DE /* LaunchScreen.storyboard in Resources */ = {isa = PBXBuildFile; fileRef = DF58631B24B2E71D002EF1DE /* LaunchScreen.storyboard */; };
		DF58632824B2E71D002EF1DE /* TipCalculatorTests.swift in Sources */ = {isa = PBXBuildFile; fileRef = DF58632724B2E71D002EF1DE /* TipCalculatorTests.swift */; };
		DF58633324B2E71D002EF1DE /* TipCalculatorUITests.swift in Sources */ = {isa = PBXBuildFile; fileRef = DF58633224B2E71D002EF1DE /* TipCalculatorUITests.swift */; };
		DF94C5A624CBB35B0069269D /* SettingsViewController.swift in Sources */ = {isa = PBXBuildFile; fileRef = DF94C5A524CBB35B0069269D /* SettingsViewController.swift */; };
/* End PBXBuildFile section */

/* Begin PBXContainerItemProxy section */
		DF58632424B2E71D002EF1DE /* PBXContainerItemProxy */ = {
			isa = PBXContainerItemProxy;
			containerPortal = DF58630524B2E71A002EF1DE /* Project object */;
			proxyType = 1;
			remoteGlobalIDString = DF58630C24B2E71A002EF1DE;
			remoteInfo = TipCalculator;
		};
		DF58632F24B2E71D002EF1DE /* PBXContainerItemProxy */ = {
			isa = PBXContainerItemProxy;
			containerPortal = DF58630524B2E71A002EF1DE /* Project object */;
			proxyType = 1;
			remoteGlobalIDString = DF58630C24B2E71A002EF1DE;
			remoteInfo = TipCalculator;
		};
/* End PBXContainerItemProxy section */

/* Begin PBXFileReference section */
		DF58630D24B2E71A002EF1DE /* TipCalculator.app */ = {isa = PBXFileReference; explicitFileType = wrapper.application; includeInIndex = 0; path = TipCalculator.app; sourceTree = BUILT_PRODUCTS_DIR; };
		DF58631024B2E71A002EF1DE /* AppDelegate.swift */ = {isa = PBXFileReference; lastKnownFileType = sourcecode.swift; path = AppDelegate.swift; sourceTree = "<group>"; };
		DF58631224B2E71A002EF1DE /* SceneDelegate.swift */ = {isa = PBXFileReference; lastKnownFileType = sourcecode.swift; path = SceneDelegate.swift; sourceTree = "<group>"; };
		DF58631424B2E71A002EF1DE /* ViewController.swift */ = {isa = PBXFileReference; lastKnownFileType = sourcecode.swift; path = ViewController.swift; sourceTree = "<group>"; };
		DF58631724B2E71A002EF1DE /* Base */ = {isa = PBXFileReference; lastKnownFileType = file.storyboard; name = Base; path = Base.lproj/Main.storyboard; sourceTree = "<group>"; };
		DF58631924B2E71D002EF1DE /* Assets.xcassets */ = {isa = PBXFileReference; lastKnownFileType = folder.assetcatalog; path = Assets.xcassets; sourceTree = "<group>"; };
		DF58631C24B2E71D002EF1DE /* Base */ = {isa = PBXFileReference; lastKnownFileType = file.storyboard; name = Base; path = Base.lproj/LaunchScreen.storyboard; sourceTree = "<group>"; };
		DF58631E24B2E71D002EF1DE /* Info.plist */ = {isa = PBXFileReference; lastKnownFileType = text.plist.xml; path = Info.plist; sourceTree = "<group>"; };
		DF58632324B2E71D002EF1DE /* TipCalculatorTests.xctest */ = {isa = PBXFileReference; explicitFileType = wrapper.cfbundle; includeInIndex = 0; path = TipCalculatorTests.xctest; sourceTree = BUILT_PRODUCTS_DIR; };
		DF58632724B2E71D002EF1DE /* TipCalculatorTests.swift */ = {isa = PBXFileReference; lastKnownFileType = sourcecode.swift; path = TipCalculatorTests.swift; sourceTree = "<group>"; };
		DF58632924B2E71D002EF1DE /* Info.plist */ = {isa = PBXFileReference; lastKnownFileType = text.plist.xml; path = Info.plist; sourceTree = "<group>"; };
		DF58632E24B2E71D002EF1DE /* TipCalculatorUITests.xctest */ = {isa = PBXFileReference; explicitFileType = wrapper.cfbundle; includeInIndex = 0; path = TipCalculatorUITests.xctest; sourceTree = BUILT_PRODUCTS_DIR; };
		DF58633224B2E71D002EF1DE /* TipCalculatorUITests.swift */ = {isa = PBXFileReference; lastKnownFileType = sourcecode.swift; path = TipCalculatorUITests.swift; sourceTree = "<group>"; };
		DF58633424B2E71D002EF1DE /* Info.plist */ = {isa = PBXFileReference; lastKnownFileType = text.plist.xml; path = Info.plist; sourceTree = "<group>"; };
		DF94C5A524CBB35B0069269D /* SettingsViewController.swift */ = {isa = PBXFileReference; fileEncoding = 4; lastKnownFileType = sourcecode.swift; path = SettingsViewController.swift; sourceTree = "<group>"; };
/* End PBXFileReference section */

/* Begin PBXFrameworksBuildPhase section */
		DF58630A24B2E71A002EF1DE /* Frameworks */ = {
			isa = PBXFrameworksBuildPhase;
			buildActionMask = 2147483647;
			files = (
			);
			runOnlyForDeploymentPostprocessing = 0;
		};
		DF58632024B2E71D002EF1DE /* Frameworks */ = {
			isa = PBXFrameworksBuildPhase;
			buildActionMask = 2147483647;
			files = (
			);
			runOnlyForDeploymentPostprocessing = 0;
		};
		DF58632B24B2E71D002EF1DE /* Frameworks */ = {
			isa = PBXFrameworksBuildPhase;
			buildActionMask = 2147483647;
			files = (
			);
			runOnlyForDeploymentPostprocessing = 0;
		};
/* End PBXFrameworksBuildPhase section */

/* Begin PBXGroup section */
		DF58630424B2E71A002EF1DE = {
			isa = PBXGroup;
			children = (
				DF58630F24B2E71A002EF1DE /* TipCalculator */,
				DF58632624B2E71D002EF1DE /* TipCalculatorTests */,
				DF58633124B2E71D002EF1DE /* TipCalculatorUITests */,
				DF58630E24B2E71A002EF1DE /* Products */,
			);
			sourceTree = "<group>";
		};
		DF58630E24B2E71A002EF1DE /* Products */ = {
			isa = PBXGroup;
			children = (
				DF58630D24B2E71A002EF1DE /* TipCalculator.app */,
				DF58632324B2E71D002EF1DE /* TipCalculatorTests.xctest */,
				DF58632E24B2E71D002EF1DE /* TipCalculatorUITests.xctest */,
			);
			name = Products;
			sourceTree = "<group>";
		};
		DF58630F24B2E71A002EF1DE /* TipCalculator */ = {
			isa = PBXGroup;
			children = (
				DF58631024B2E71A002EF1DE /* AppDelegate.swift */,
				DF58631224B2E71A002EF1DE /* SceneDelegate.swift */,
				DF58631424B2E71A002EF1DE /* ViewController.swift */,
				DF94C5A524CBB35B0069269D /* SettingsViewController.swift */,
				DF58631624B2E71A002EF1DE /* Main.storyboard */,
				DF58631924B2E71D002EF1DE /* Assets.xcassets */,
				DF58631B24B2E71D002EF1DE /* LaunchScreen.storyboard */,
				DF58631E24B2E71D002EF1DE /* Info.plist */,
			);
			path = TipCalculator;
			sourceTree = "<group>";
		};
		DF58632624B2E71D002EF1DE /* TipCalculatorTests */ = {
			isa = PBXGroup;
			children = (
				DF58632724B2E71D002EF1DE /* TipCalculatorTests.swift */,
				DF58632924B2E71D002EF1DE /* Info.plist */,
			);
			path = TipCalculatorTests;
			sourceTree = "<group>";
		};
		DF58633124B2E71D002EF1DE /* TipCalculatorUITests */ = {
			isa = PBXGroup;
			children = (
				DF58633224B2E71D002EF1DE /* TipCalculatorUITests.swift */,
				DF58633424B2E71D002EF1DE /* Info.plist */,
			);
			path = TipCalculatorUITests;
			sourceTree = "<group>";
		};
/* End PBXGroup section */

/* Begin PBXNativeTarget section */
		DF58630C24B2E71A002EF1DE /* TipCalculator */ = {
			isa = PBXNativeTarget;
			buildConfigurationList = DF58633724B2E71D002EF1DE /* Build configuration list for PBXNativeTarget "TipCalculator" */;
			buildPhases = (
				DF58630924B2E71A002EF1DE /* Sources */,
				DF58630A24B2E71A002EF1DE /* Frameworks */,
				DF58630B24B2E71A002EF1DE /* Resources */,
			);
			buildRules = (
			);
			dependencies = (
			);
			name = TipCalculator;
			productName = TipCalculator;
			productReference = DF58630D24B2E71A002EF1DE /* TipCalculator.app */;
			productType = "com.apple.product-type.application";
		};
		DF58632224B2E71D002EF1DE /* TipCalculatorTests */ = {
			isa = PBXNativeTarget;
			buildConfigurationList = DF58633A24B2E71D002EF1DE /* Build configuration list for PBXNativeTarget "TipCalculatorTests" */;
			buildPhases = (
				DF58631F24B2E71D002EF1DE /* Sources */,
				DF58632024B2E71D002EF1DE /* Frameworks */,
				DF58632124B2E71D002EF1DE /* Resources */,
			);
			buildRules = (
			);
			dependencies = (
				DF58632524B2E71D002EF1DE /* PBXTargetDependency */,
			);
			name = TipCalculatorTests;
			productName = TipCalculatorTests;
			productReference = DF58632324B2E71D002EF1DE /* TipCalculatorTests.xctest */;
			productType = "com.apple.product-type.bundle.unit-test";
		};
		DF58632D24B2E71D002EF1DE /* TipCalculatorUITests */ = {
			isa = PBXNativeTarget;
			buildConfigurationList = DF58633D24B2E71D002EF1DE /* Build configuration list for PBXNativeTarget "TipCalculatorUITests" */;
			buildPhases = (
				DF58632A24B2E71D002EF1DE /* Sources */,
				DF58632B24B2E71D002EF1DE /* Frameworks */,
				DF58632C24B2E71D002EF1DE /* Resources */,
			);
			buildRules = (
			);
			dependencies = (
				DF58633024B2E71D002EF1DE /* PBXTargetDependency */,
			);
			name = TipCalculatorUITests;
			productName = TipCalculatorUITests;
			productReference = DF58632E24B2E71D002EF1DE /* TipCalculatorUITests.xctest */;
			productType = "com.apple.product-type.bundle.ui-testing";
		};
/* End PBXNativeTarget section */

/* Begin PBXProject section */
		DF58630524B2E71A002EF1DE /* Project object */ = {
			isa = PBXProject;
			attributes = {
				LastSwiftUpdateCheck = 1150;
				LastUpgradeCheck = 1150;
				ORGANIZATIONNAME = Codepath;
				TargetAttributes = {
					DF58630C24B2E71A002EF1DE = {
						CreatedOnToolsVersion = 11.5;
					};
					DF58632224B2E71D002EF1DE = {
						CreatedOnToolsVersion = 11.5;
						TestTargetID = DF58630C24B2E71A002EF1DE;
					};
					DF58632D24B2E71D002EF1DE = {
						CreatedOnToolsVersion = 11.5;
						TestTargetID = DF58630C24B2E71A002EF1DE;
					};
				};
			};
			buildConfigurationList = DF58630824B2E71A002EF1DE /* Build configuration list for PBXProject "TipCalculator" */;
			compatibilityVersion = "Xcode 9.3";
			developmentRegion = en;
			hasScannedForEncodings = 0;
			knownRegions = (
				en,
				Base,
			);
			mainGroup = DF58630424B2E71A002EF1DE;
			productRefGroup = DF58630E24B2E71A002EF1DE /* Products */;
			projectDirPath = "";
			projectRoot = "";
			targets = (
				DF58630C24B2E71A002EF1DE /* TipCalculator */,
				DF58632224B2E71D002EF1DE /* TipCalculatorTests */,
				DF58632D24B2E71D002EF1DE /* TipCalculatorUITests */,
			);
		};
/* End PBXProject section */

/* Begin PBXResourcesBuildPhase section */
		DF58630B24B2E71A002EF1DE /* Resources */ = {
			isa = PBXResourcesBuildPhase;
			buildActionMask = 2147483647;
			files = (
				DF58631D24B2E71D002EF1DE /* LaunchScreen.storyboard in Resources */,
				DF58631A24B2E71D002EF1DE /* Assets.xcassets in Resources */,
				DF58631824B2E71A002EF1DE /* Main.storyboard in Resources */,
			);
			runOnlyForDeploymentPostprocessing = 0;
		};
		DF58632124B2E71D002EF1DE /* Resources */ = {
			isa = PBXResourcesBuildPhase;
			buildActionMask = 2147483647;
			files = (
			);
			runOnlyForDeploymentPostprocessing = 0;
		};
		DF58632C24B2E71D002EF1DE /* Resources */ = {
			isa = PBXResourcesBuildPhase;
			buildActionMask = 2147483647;
			files = (
			);
			runOnlyForDeploymentPostprocessing = 0;
		};
/* End PBXResourcesBuildPhase section */

/* Begin PBXSourcesBuildPhase section */
		DF58630924B2E71A002EF1DE /* Sources */ = {
			isa = PBXSourcesBuildPhase;
			buildActionMask = 2147483647;
			files = (
				DF58631524B2E71A002EF1DE /* ViewController.swift in Sources */,
				DF58631124B2E71A002EF1DE /* AppDelegate.swift in Sources */,
				DF58631324B2E71A002EF1DE /* SceneDelegate.swift in Sources */,
				DF94C5A624CBB35B0069269D /* SettingsViewController.swift in Sources */,
			);
			runOnlyForDeploymentPostprocessing = 0;
		};
		DF58631F24B2E71D002EF1DE /* Sources */ = {
			isa = PBXSourcesBuildPhase;
			buildActionMask = 2147483647;
			files = (
				DF58632824B2E71D002EF1DE /* TipCalculatorTests.swift in Sources */,
			);
			runOnlyForDeploymentPostprocessing = 0;
		};
		DF58632A24B2E71D002EF1DE /* Sources */ = {
			isa = PBXSourcesBuildPhase;
			buildActionMask = 2147483647;
			files = (
				DF58633324B2E71D002EF1DE /* TipCalculatorUITests.swift in Sources */,
			);
			runOnlyForDeploymentPostprocessing = 0;
		};
/* End PBXSourcesBuildPhase section */

/* Begin PBXTargetDependency section */
		DF58632524B2E71D002EF1DE /* PBXTargetDependency */ = {
			isa = PBXTargetDependency;
			target = DF58630C24B2E71A002EF1DE /* TipCalculator */;
			targetProxy = DF58632424B2E71D002EF1DE /* PBXContainerItemProxy */;
		};
		DF58633024B2E71D002EF1DE /* PBXTargetDependency */ = {
			isa = PBXTargetDependency;
			target = DF58630C24B2E71A002EF1DE /* TipCalculator */;
			targetProxy = DF58632F24B2E71D002EF1DE /* PBXContainerItemProxy */;
		};
/* End PBXTargetDependency section */

/* Begin PBXVariantGroup section */
		DF58631624B2E71A002EF1DE /* Main.storyboard */ = {
			isa = PBXVariantGroup;
			children = (
				DF58631724B2E71A002EF1DE /* Base */,
			);
			name = Main.storyboard;
			sourceTree = "<group>";
		};
		DF58631B24B2E71D002EF1DE /* LaunchScreen.storyboard */ = {
			isa = PBXVariantGroup;
			children = (
				DF58631C24B2E71D002EF1DE /* Base */,
			);
			name = LaunchScreen.storyboard;
			sourceTree = "<group>";
		};
/* End PBXVariantGroup section */

/* Begin XCBuildConfiguration section */
		DF58633524B2E71D002EF1DE /* Debug */ = {
			isa = XCBuildConfiguration;
			buildSettings = {
				ALWAYS_SEARCH_USER_PATHS = NO;
				CLANG_ANALYZER_NONNULL = YES;
				CLANG_ANALYZER_NUMBER_OBJECT_CONVERSION = YES_AGGRESSIVE;
				CLANG_CXX_LANGUAGE_STANDARD = "gnu++14";
				CLANG_CXX_LIBRARY = "libc++";
				CLANG_ENABLE_MODULES = YES;
				CLANG_ENABLE_OBJC_ARC = YES;
				CLANG_ENABLE_OBJC_WEAK = YES;
				CLANG_WARN_BLOCK_CAPTURE_AUTORELEASING = YES;
				CLANG_WARN_BOOL_CONVERSION = YES;
				CLANG_WARN_COMMA = YES;
				CLANG_WARN_CONSTANT_CONVERSION = YES;
				CLANG_WARN_DEPRECATED_OBJC_IMPLEMENTATIONS = YES;
				CLANG_WARN_DIRECT_OBJC_ISA_USAGE = YES_ERROR;
				CLANG_WARN_DOCUMENTATION_COMMENTS = YES;
				CLANG_WARN_EMPTY_BODY = YES;
				CLANG_WARN_ENUM_CONVERSION = YES;
				CLANG_WARN_INFINITE_RECURSION = YES;
				CLANG_WARN_INT_CONVERSION = YES;
				CLANG_WARN_NON_LITERAL_NULL_CONVERSION = YES;
				CLANG_WARN_OBJC_IMPLICIT_RETAIN_SELF = YES;
				CLANG_WARN_OBJC_LITERAL_CONVERSION = YES;
				CLANG_WARN_OBJC_ROOT_CLASS = YES_ERROR;
				CLANG_WARN_RANGE_LOOP_ANALYSIS = YES;
				CLANG_WARN_STRICT_PROTOTYPES = YES;
				CLANG_WARN_SUSPICIOUS_MOVE = YES;
				CLANG_WARN_UNGUARDED_AVAILABILITY = YES_AGGRESSIVE;
				CLANG_WARN_UNREACHABLE_CODE = YES;
				CLANG_WARN__DUPLICATE_METHOD_MATCH = YES;
				COPY_PHASE_STRIP = NO;
				DEBUG_INFORMATION_FORMAT = dwarf;
				ENABLE_STRICT_OBJC_MSGSEND = YES;
				ENABLE_TESTABILITY = YES;
				GCC_C_LANGUAGE_STANDARD = gnu11;
				GCC_DYNAMIC_NO_PIC = NO;
				GCC_NO_COMMON_BLOCKS = YES;
				GCC_OPTIMIZATION_LEVEL = 0;
				GCC_PREPROCESSOR_DEFINITIONS = (
					"DEBUG=1",
					"$(inherited)",
				);
				GCC_WARN_64_TO_32_BIT_CONVERSION = YES;
				GCC_WARN_ABOUT_RETURN_TYPE = YES_ERROR;
				GCC_WARN_UNDECLARED_SELECTOR = YES;
				GCC_WARN_UNINITIALIZED_AUTOS = YES_AGGRESSIVE;
				GCC_WARN_UNUSED_FUNCTION = YES;
				GCC_WARN_UNUSED_VARIABLE = YES;
				IPHONEOS_DEPLOYMENT_TARGET = 13.5;
				MTL_ENABLE_DEBUG_INFO = INCLUDE_SOURCE;
				MTL_FAST_MATH = YES;
				ONLY_ACTIVE_ARCH = YES;
				SDKROOT = iphoneos;
				SWIFT_ACTIVE_COMPILATION_CONDITIONS = DEBUG;
				SWIFT_OPTIMIZATION_LEVEL = "-Onone";
			};
			name = Debug;
		};
		DF58633624B2E71D002EF1DE /* Release */ = {
			isa = XCBuildConfiguration;
			buildSettings = {
				ALWAYS_SEARCH_USER_PATHS = NO;
				CLANG_ANALYZER_NONNULL = YES;
				CLANG_ANALYZER_NUMBER_OBJECT_CONVERSION = YES_AGGRESSIVE;
				CLANG_CXX_LANGUAGE_STANDARD = "gnu++14";
				CLANG_CXX_LIBRARY = "libc++";
				CLANG_ENABLE_MODULES = YES;
				CLANG_ENABLE_OBJC_ARC = YES;
				CLANG_ENABLE_OBJC_WEAK = YES;
				CLANG_WARN_BLOCK_CAPTURE_AUTORELEASING = YES;
				CLANG_WARN_BOOL_CONVERSION = YES;
				CLANG_WARN_COMMA = YES;
				CLANG_WARN_CONSTANT_CONVERSION = YES;
				CLANG_WARN_DEPRECATED_OBJC_IMPLEMENTATIONS = YES;
				CLANG_WARN_DIRECT_OBJC_ISA_USAGE = YES_ERROR;
				CLANG_WARN_DOCUMENTATION_COMMENTS = YES;
				CLANG_WARN_EMPTY_BODY = YES;
				CLANG_WARN_ENUM_CONVERSION = YES;
				CLANG_WARN_INFINITE_RECURSION = YES;
				CLANG_WARN_INT_CONVERSION = YES;
				CLANG_WARN_NON_LITERAL_NULL_CONVERSION = YES;
				CLANG_WARN_OBJC_IMPLICIT_RETAIN_SELF = YES;
				CLANG_WARN_OBJC_LITERAL_CONVERSION = YES;
				CLANG_WARN_OBJC_ROOT_CLASS = YES_ERROR;
				CLANG_WARN_RANGE_LOOP_ANALYSIS = YES;
				CLANG_WARN_STRICT_PROTOTYPES = YES;
				CLANG_WARN_SUSPICIOUS_MOVE = YES;
				CLANG_WARN_UNGUARDED_AVAILABILITY = YES_AGGRESSIVE;
				CLANG_WARN_UNREACHABLE_CODE = YES;
				CLANG_WARN__DUPLICATE_METHOD_MATCH = YES;
				COPY_PHASE_STRIP = NO;
				DEBUG_INFORMATION_FORMAT = "dwarf-with-dsym";
				ENABLE_NS_ASSERTIONS = NO;
				ENABLE_STRICT_OBJC_MSGSEND = YES;
				GCC_C_LANGUAGE_STANDARD = gnu11;
				GCC_NO_COMMON_BLOCKS = YES;
				GCC_WARN_64_TO_32_BIT_CONVERSION = YES;
				GCC_WARN_ABOUT_RETURN_TYPE = YES_ERROR;
				GCC_WARN_UNDECLARED_SELECTOR = YES;
				GCC_WARN_UNINITIALIZED_AUTOS = YES_AGGRESSIVE;
				GCC_WARN_UNUSED_FUNCTION = YES;
				GCC_WARN_UNUSED_VARIABLE = YES;
				IPHONEOS_DEPLOYMENT_TARGET = 13.5;
				MTL_ENABLE_DEBUG_INFO = NO;
				MTL_FAST_MATH = YES;
				SDKROOT = iphoneos;
				SWIFT_COMPILATION_MODE = wholemodule;
				SWIFT_OPTIMIZATION_LEVEL = "-O";
				VALIDATE_PRODUCT = YES;
			};
			name = Release;
		};
		DF58633824B2E71D002EF1DE /* Debug */ = {
			isa = XCBuildConfiguration;
			buildSettings = {
				ASSETCATALOG_COMPILER_APPICON_NAME = AppIcon;
				CODE_SIGN_STYLE = Automatic;
				INFOPLIST_FILE = TipCalculator/Info.plist;
				LD_RUNPATH_SEARCH_PATHS = (
					"$(inherited)",
					"@executable_path/Frameworks",
				);
				PRODUCT_BUNDLE_IDENTIFIER = Codepath.TipCalculator;
				PRODUCT_NAME = "$(TARGET_NAME)";
				SWIFT_VERSION = 5.0;
				TARGETED_DEVICE_FAMILY = "1,2";
			};
			name = Debug;
		};
		DF58633924B2E71D002EF1DE /* Release */ = {
			isa = XCBuildConfiguration;
			buildSettings = {
				ASSETCATALOG_COMPILER_APPICON_NAME = AppIcon;
				CODE_SIGN_STYLE = Automatic;
				INFOPLIST_FILE = TipCalculator/Info.plist;
				LD_RUNPATH_SEARCH_PATHS = (
					"$(inherited)",
					"@executable_path/Frameworks",
				);
				PRODUCT_BUNDLE_IDENTIFIER = Codepath.TipCalculator;
				PRODUCT_NAME = "$(TARGET_NAME)";
				SWIFT_VERSION = 5.0;
				TARGETED_DEVICE_FAMILY = "1,2";
			};
			name = Release;
		};
		DF58633B24B2E71D002EF1DE /* Debug */ = {
			isa = XCBuildConfiguration;
			buildSettings = {
				ALWAYS_EMBED_SWIFT_STANDARD_LIBRARIES = YES;
				BUNDLE_LOADER = "$(TEST_HOST)";
				CODE_SIGN_STYLE = Automatic;
				INFOPLIST_FILE = TipCalculatorTests/Info.plist;
				IPHONEOS_DEPLOYMENT_TARGET = 13.5;
				LD_RUNPATH_SEARCH_PATHS = (
					"$(inherited)",
					"@executable_path/Frameworks",
					"@loader_path/Frameworks",
				);
				PRODUCT_BUNDLE_IDENTIFIER = Codepath.TipCalculatorTests;
				PRODUCT_NAME = "$(TARGET_NAME)";
				SWIFT_VERSION = 5.0;
				TARGETED_DEVICE_FAMILY = "1,2";
				TEST_HOST = "$(BUILT_PRODUCTS_DIR)/TipCalculator.app/TipCalculator";
			};
			name = Debug;
		};
		DF58633C24B2E71D002EF1DE /* Release */ = {
			isa = XCBuildConfiguration;
			buildSettings = {
				ALWAYS_EMBED_SWIFT_STANDARD_LIBRARIES = YES;
				BUNDLE_LOADER = "$(TEST_HOST)";
				CODE_SIGN_STYLE = Automatic;
				INFOPLIST_FILE = TipCalculatorTests/Info.plist;
				IPHONEOS_DEPLOYMENT_TARGET = 13.5;
				LD_RUNPATH_SEARCH_PATHS = (
					"$(inherited)",
					"@executable_path/Frameworks",
					"@loader_path/Frameworks",
				);
				PRODUCT_BUNDLE_IDENTIFIER = Codepath.TipCalculatorTests;
				PRODUCT_NAME = "$(TARGET_NAME)";
				SWIFT_VERSION = 5.0;
				TARGETED_DEVICE_FAMILY = "1,2";
				TEST_HOST = "$(BUILT_PRODUCTS_DIR)/TipCalculator.app/TipCalculator";
			};
			name = Release;
		};
		DF58633E24B2E71D002EF1DE /* Debug */ = {
			isa = XCBuildConfiguration;
			buildSettings = {
				ALWAYS_EMBED_SWIFT_STANDARD_LIBRARIES = YES;
				CODE_SIGN_STYLE = Automatic;
				INFOPLIST_FILE = TipCalculatorUITests/Info.plist;
				LD_RUNPATH_SEARCH_PATHS = (
					"$(inherited)",
					"@executable_path/Frameworks",
					"@loader_path/Frameworks",
				);
				PRODUCT_BUNDLE_IDENTIFIER = Codepath.TipCalculatorUITests;
				PRODUCT_NAME = "$(TARGET_NAME)";
				SWIFT_VERSION = 5.0;
				TARGETED_DEVICE_FAMILY = "1,2";
				TEST_TARGET_NAME = TipCalculator;
			};
			name = Debug;
		};
		DF58633F24B2E71D002EF1DE /* Release */ = {
			isa = XCBuildConfiguration;
			buildSettings = {
				ALWAYS_EMBED_SWIFT_STANDARD_LIBRARIES = YES;
				CODE_SIGN_STYLE = Automatic;
				INFOPLIST_FILE = TipCalculatorUITests/Info.plist;
				LD_RUNPATH_SEARCH_PATHS = (
					"$(inherited)",
					"@executable_path/Frameworks",
					"@loader_path/Frameworks",
				);
				PRODUCT_BUNDLE_IDENTIFIER = Codepath.TipCalculatorUITests;
				PRODUCT_NAME = "$(TARGET_NAME)";
				SWIFT_VERSION = 5.0;
				TARGETED_DEVICE_FAMILY = "1,2";
				TEST_TARGET_NAME = TipCalculator;
			};
			name = Release;
		};
/* End XCBuildConfiguration section */

/* Begin XCConfigurationList section */
		DF58630824B2E71A002EF1DE /* Build configuration list for PBXProject "TipCalculator" */ = {
			isa = XCConfigurationList;
			buildConfigurations = (
				DF58633524B2E71D002EF1DE /* Debug */,
				DF58633624B2E71D002EF1DE /* Release */,
			);
			defaultConfigurationIsVisible = 0;
			defaultConfigurationName = Release;
		};
		DF58633724B2E71D002EF1DE /* Build configuration list for PBXNativeTarget "TipCalculator" */ = {
			isa = XCConfigurationList;
			buildConfigurations = (
				DF58633824B2E71D002EF1DE /* Debug */,
				DF58633924B2E71D002EF1DE /* Release */,
			);
			defaultConfigurationIsVisible = 0;
			defaultConfigurationName = Release;
		};
		DF58633A24B2E71D002EF1DE /* Build configuration list for PBXNativeTarget "TipCalculatorTests" */ = {
			isa = XCConfigurationList;
			buildConfigurations = (
				DF58633B24B2E71D002EF1DE /* Debug */,
				DF58633C24B2E71D002EF1DE /* Release */,
			);
			defaultConfigurationIsVisible = 0;
			defaultConfigurationName = Release;
		};
		DF58633D24B2E71D002EF1DE /* Build configuration list for PBXNativeTarget "TipCalculatorUITests" */ = {
			isa = XCConfigurationList;
			buildConfigurations = (
				DF58633E24B2E71D002EF1DE /* Debug */,
				DF58633F24B2E71D002EF1DE /* Release */,
			);
			defaultConfigurationIsVisible = 0;
			defaultConfigurationName = Release;
		};
/* End XCConfigurationList section */
	};
	rootObject = DF58630524B2E71A002EF1DE /* Project object */;
}
